<?xml version="1.0" encoding="UTF-8"?>
<CONFIG>
  <ProjectOptions>
    <Version Value="12"/>
    <General>
      <Flags>
        <MainUnitHasUsesSectionForAllUnits Value="False"/>
        <MainUnitHasCreateFormStatements Value="False"/>
        <MainUnitHasTitleStatement Value="False"/>
        <MainUnitHasScaledStatement Value="False"/>
        <CompatibilityMode Value="True"/>
      </Flags>
      <SessionStorage Value="InProjectDir"/>
      <Title Value="Prevent"/>
      <UseAppBundle Value="False"/>
      <ResourceType Value="res"/>
    </General>
    <BuildModes Count="1">
      <Item1 Name="Default" Default="True"/>
    </BuildModes>
    <PublishOptions>
      <Version Value="2"/>
    </PublishOptions>
    <RunParams>
      <FormatVersion Value="2"/>
      <Modes Count="1">
        <Mode0 Name="default"/>
      </Modes>
    </RunParams>
    <RequiredPackages Count="2">
      <Item1>
        <PackageName Value="TAChartLazarusPkg"/>
      </Item1>
      <Item2>
        <PackageName Value="LCL"/>
      </Item2>
    </RequiredPackages>
    <Units Count="34">
      <Unit0>
        <Filename Value="Prevent.lpr"/>
        <IsPartOfProject Value="True"/>
      </Unit0>
      <Unit1>
        <Filename Value="prevmain.pas"/>
        <IsPartOfProject Value="True"/>
        <ComponentName Value="MainForm"/>
        <HasResources Value="True"/>
        <ResourceBaseClass Value="Form"/>
      </Unit1>
      <Unit2>
        <Filename Value="aboutun.pas"/>
        <IsPartOfProject Value="True"/>
        <HasResources Value="True"/>
      </Unit2>
      <Unit3>
        <Filename Value="dataset.pas"/>
        <IsPartOfProject Value="True"/>
        <ComponentName Value="datasetForm"/>
        <HasResources Value="True"/>
        <ResourceBaseClass Value="Form"/>
      </Unit3>
      <Unit4>
        <Filename Value="winglob.pas"/>
        <IsPartOfProject Value="True"/>
      </Unit4>
      <Unit5>
        <Filename Value="runop.pas"/>
        <IsPartOfProject Value="True"/>
        <HasResources Value="True"/>
      </Unit5>
      <Unit6>
        <Filename Value="outop.pas"/>
        <IsPartOfProject Value="True"/>
        <HasResources Value="True"/>
      </Unit6>
      <Unit7>
        <Filename Value="runspec.pas"/>
        <IsPartOfProject Value="True"/>
        <HasResources Value="True"/>
      </Unit7>
      <Unit8>
        <Filename Value="startun.pas"/>
        <IsPartOfProject Value="True"/>
      </Unit8>
      <Unit9>
        <Filename Value="kies.pas"/>
        <IsPartOfProject Value="True"/>
        <HasResources Value="True"/>
      </Unit9>
      <Unit10>
        <Filename Value="initial.pas"/>
        <IsPartOfProject Value="True"/>
      </Unit10>
      <Unit11>
        <Filename Value="gescale.pas"/>
        <IsPartOfProject Value="True"/>
      </Unit11>
      <Unit12>
        <Filename Value="dynchart.pas"/>
        <IsPartOfProject Value="True"/>
        <ComponentName Value="dyngraf"/>
        <HasResources Value="True"/>
        <ResourceBaseClass Value="Form"/>
      </Unit12>
      <Unit13>
        <Filename Value="dynpyra.pas"/>
        <IsPartOfProject Value="True"/>
        <HasResources Value="True"/>
      </Unit13>
      <Unit14>
        <Filename Value="fkies.pas"/>
        <IsPartOfProject Value="True"/>
        <HasResources Value="True"/>
      </Unit14>
      <Unit15>
        <Filename Value="grafuit1.pas"/>
        <IsPartOfProject Value="True"/>
        <HasResources Value="True"/>
      </Unit15>
      <Unit16>
        <Filename Value="tabeluit.pas"/>
        <IsPartOfProject Value="True"/>
        <HasResources Value="True"/>
      </Unit16>
      <Unit17>
        <Filename Value="dynlijns.pas"/>
        <IsPartOfProject Value="True"/>
        <HasResources Value="True"/>
      </Unit17>
      <Unit18>
        <Filename Value="dynbars.pas"/>
        <IsPartOfProject Value="True"/>
        <HasResources Value="True"/>
      </Unit18>
      <Unit19>
        <Filename Value="disunit.pas"/>
        <IsPartOfProject Value="True"/>
      </Unit19>
      <Unit20>
        <Filename Value="rfoptions.pas"/>
        <IsPartOfProject Value="True"/>
        <HasResources Value="True"/>
      </Unit20>
      <Unit21>
        <Filename Value="disoptions.pas"/>
        <IsPartOfProject Value="True"/>
        <HasResources Value="True"/>
      </Unit21>
      <Unit22>
        <Filename Value="bevolun.pas"/>
        <IsPartOfProject Value="True"/>
      </Unit22>
      <Unit23>
        <Filename Value="popoptions.pas"/>
        <IsPartOfProject Value="True"/>
        <HasResources Value="True"/>
      </Unit23>
      <Unit24>
        <Filename Value="memomes.pas"/>
        <IsPartOfProject Value="True"/>
        <ComponentName Value="MemoForm"/>
        <HasResources Value="True"/>
        <ResourceBaseClass Value="Form"/>
      </Unit24>
      <Unit25>
        <Filename Value="datmod1.pas"/>
        <IsPartOfProject Value="True"/>
        <HasResources Value="True"/>
      </Unit25>
      <Unit26>
        <Filename Value="sensunit.pas"/>
        <IsPartOfProject Value="True"/>
        <HasResources Value="True"/>
      </Unit26>
      <Unit27>
        <Filename Value="parasel.pas"/>
        <IsPartOfProject Value="True"/>
        <HasResources Value="True"/>
      </Unit27>
      <Unit28>
        <Filename Value="permusens.pas"/>
        <IsPartOfProject Value="True"/>
        <HasResources Value="True"/>
      </Unit28>
      <Unit29>
        <Filename Value="getnameunit.pas"/>
        <IsPartOfProject Value="True"/>
        <HasResources Value="True"/>
      </Unit29>
      <Unit30>
        <Filename Value="predefintunit.pas"/>
        <IsPartOfProject Value="True"/>
        <HasResources Value="True"/>
      </Unit30>
      <Unit31>
        <Filename Value="trendintvunit.pas"/>
        <IsPartOfProject Value="True"/>
      </Unit31>
      <Unit32>
        <Filename Value="outvarunit.pas"/>
        <IsPartOfProject Value="True"/>
      </Unit32>
      <Unit33>
        <Filename Value="calcunit.pas"/>
        <IsPartOfProject Value="True"/>
      </Unit33>
    </Units>
  </ProjectOptions>
  <CompilerOptions>
    <Version Value="11"/>
    <SearchPaths>
      <IncludeFiles Value="$(ProjOutDir)"/>
      <UnitOutputDirectory Value="lib/$(TargetCPU)-$(TargetOS)"/>
    </SearchPaths>
    <Parsing>
      <SyntaxOptions>
        <SyntaxMode Value="Delphi"/>
      </SyntaxOptions>
    </Parsing>
    <Linking>
      <Debugging>
        <DebugInfoType Value="dsDwarf3"/>
      </Debugging>
      <Options>
        <Win32>
          <GraphicApplication Value="True"/>
        </Win32>
      </Options>
    </Linking>
    <Other>
      <CustomOptions Value="-dBorland -dVer150 -dDelphi7 -dCompiler6_Up -dPUREPASCAL -vd"/>
      <CompilerPath Value="/usr/bin/fpc"/>
    </Other>
  </CompilerOptions>
  <Debugging>
    <Exceptions Count="3">
      <Item1>
        <Name Value="EAbort"/>
      </Item1>
      <Item2>
        <Name Value="ECodetoolError"/>
      </Item2>
      <Item3>
        <Name Value="EFOpenError"/>
      </Item3>
    </Exceptions>
  </Debugging>
</CONFIG>
